
Microsoft Visual Studio Solution File, Format Version 12.00
# Visual Studio Version 17
VisualStudioVersion = 17.5.002.0
MinimumVisualStudioVersion = 10.0.40219.1
Project("{9A19103F-16F7-4668-BE54-9A1E7A4F7556}") = "LoginAndRegistration", "LoginAndRegistration.csproj", "{6A417AF3-3286-42FD-9062-CBC34825FA88}"
EndProject
Global
	GlobalSection(SolutionConfigurationPlatforms) = preSolution
		Debug|Any CPU = Debug|Any CPU
		Release|Any CPU = Release|Any CPU
	EndGlobalSection
	GlobalSection(ProjectConfigurationPlatforms) = postSolution
		{6A417AF3-3286-42FD-9062-CBC34825FA88}.Debug|Any CPU.ActiveCfg = Debug|Any CPU
		{6A417AF3-3286-42FD-9062-CBC34825FA88}.Debug|Any CPU.Build.0 = Debug|Any CPU
		{6A417AF3-3286-42FD-9062-CBC34825FA88}.Release|Any CPU.ActiveCfg = Release|Any CPU
		{6A417AF3-3286-42FD-9062-CBC34825FA88}.Release|Any CPU.Build.0 = Release|Any CPU
	EndGlobalSection
	GlobalSection(SolutionProperties) = preSolution
		HideSolutionNode = FALSE
	EndGlobalSection
	GlobalSection(ExtensibilityGlobals) = postSolution
		SolutionGuid = {BD4836CC-9D4F-4538-9486-B5F9523ADC89}
	EndGlobalSection
EndGlobal
